
Microsoft Visual Studio Solution File, Format Version 12.00
# Visual Studio 2013
VisualStudioVersion = 12.0.31101.0
MinimumVisualStudioVersion = 10.0.40219.1
Project("{FAE04EC0-301F-11D3-BF4B-00C04F79EFBC}") = "Core", "src\Core\Core.csproj", "{A51D6A5D-C7C6-43D5-A5E9-DB6D3D2D9173}"
EndProject
Project("{FAE04EC0-301F-11D3-BF4B-00C04F79EFBC}") = "Core.Tests", "src\Core.Tests\Core.Tests.csproj", "{66164202-83E7-4842-B581-E32760FE29B6}"
EndProject
Project("{FAE04EC0-301F-11D3-BF4B-00C04F79EFBC}") = "Core.Examples", "src\Core.Examples\Core.Examples.csproj", "{BD68D14E-2AB1-45FC-BF87-D82AF9967C10}"
EndProject
Global
	GlobalSection(SolutionConfigurationPlatforms) = preSolution
		Debug|Any CPU = Debug|Any CPU
		Release|Any CPU = Release|Any CPU
	EndGlobalSection
	GlobalSection(ProjectConfigurationPlatforms) = postSolution
		{A51D6A5D-C7C6-43D5-A5E9-DB6D3D2D9173}.Debug|Any CPU.ActiveCfg = Debug|Any CPU
		{A51D6A5D-C7C6-43D5-A5E9-DB6D3D2D9173}.Debug|Any CPU.Build.0 = Debug|Any CPU
		{A51D6A5D-C7C6-43D5-A5E9-DB6D3D2D9173}.Release|Any CPU.ActiveCfg = Release|Any CPU
		{A51D6A5D-C7C6-43D5-A5E9-DB6D3D2D9173}.Release|Any CPU.Build.0 = Release|Any CPU
		{66164202-83E7-4842-B581-E32760FE29B6}.Debug|Any CPU.ActiveCfg = Debug|Any CPU
		{66164202-83E7-4842-B581-E32760FE29B6}.Debug|Any CPU.Build.0 = Debug|Any CPU
		{66164202-83E7-4842-B581-E32760FE29B6}.Release|Any CPU.ActiveCfg = Release|Any CPU
		{66164202-83E7-4842-B581-E32760FE29B6}.Release|Any CPU.Build.0 = Release|Any CPU
		{BD68D14E-2AB1-45FC-BF87-D82AF9967C10}.Debug|Any CPU.ActiveCfg = Debug|Any CPU
		{BD68D14E-2AB1-45FC-BF87-D82AF9967C10}.Debug|Any CPU.Build.0 = Debug|Any CPU
		{BD68D14E-2AB1-45FC-BF87-D82AF9967C10}.Release|Any CPU.ActiveCfg = Release|Any CPU
		{BD68D14E-2AB1-45FC-BF87-D82AF9967C10}.Release|Any CPU.Build.0 = Release|Any CPU
	EndGlobalSection
	GlobalSection(SolutionProperties) = preSolution
		HideSolutionNode = FALSE
	EndGlobalSection
EndGlobal
